
Microsoft Visual Studio Solution File, Format Version 12.00
# Visual Studio Version 17
VisualStudioVersion = 17.5.33414.496
MinimumVisualStudioVersion = 10.0.40219.1
Project("{FAE04EC0-301F-11D3-BF4B-00C04F79EFBC}") = "DmrAXLabelTool", "DmrAXLabelTool\DmrAXLabelTool.csproj", "{8F5D695C-6383-49DE-A7FA-D8B5954A13EC}"
EndProject
Global
	GlobalSection(SolutionConfigurationPlatforms) = preSolution
		Debug|Any CPU = Debug|Any CPU
		Release|Any CPU = Release|Any CPU
	EndGlobalSection
	GlobalSection(ProjectConfigurationPlatforms) = postSolution
		{8F5D695C-6383-49DE-A7FA-D8B5954A13EC}.Debug|Any CPU.ActiveCfg = Debug|Any CPU
		{8F5D695C-6383-49DE-A7FA-D8B5954A13EC}.Debug|Any CPU.Build.0 = Debug|Any CPU
		{8F5D695C-6383-49DE-A7FA-D8B5954A13EC}.Release|Any CPU.ActiveCfg = Release|Any CPU
		{8F5D695C-6383-49DE-A7FA-D8B5954A13EC}.Release|Any CPU.Build.0 = Release|Any CPU
	EndGlobalSection
	GlobalSection(SolutionProperties) = preSolution
		HideSolutionNode = FALSE
	EndGlobalSection
	GlobalSection(ExtensibilityGlobals) = postSolution
		SolutionGuid = {DAE98C69-FF56-40B9-9558-7C4BD4ADEAB7}
	EndGlobalSection
EndGlobal
